
Microsoft Visual Studio Solution File, Format Version 12.00
# Visual Studio 2012
Project("{FAE04EC0-301F-11D3-BF4B-00C04F79EFBC}") = "MvcApplication1", "MvcApplication1\MvcApplication1.csproj", "{B67D5AC8-7975-477F-8FD8-66076E2DF929}"
EndProject
Global
	GlobalSection(SolutionConfigurationPlatforms) = preSolution
		Debug|Any CPU = Debug|Any CPU
		Release|Any CPU = Release|Any CPU
	EndGlobalSection
	GlobalSection(ProjectConfigurationPlatforms) = postSolution
		{B67D5AC8-7975-477F-8FD8-66076E2DF929}.Debug|Any CPU.ActiveCfg = Debug|Any CPU
		{B67D5AC8-7975-477F-8FD8-66076E2DF929}.Debug|Any CPU.Build.0 = Debug|Any CPU
		{B67D5AC8-7975-477F-8FD8-66076E2DF929}.Release|Any CPU.ActiveCfg = Release|Any CPU
		{B67D5AC8-7975-477F-8FD8-66076E2DF929}.Release|Any CPU.Build.0 = Release|Any CPU
	EndGlobalSection
	GlobalSection(SolutionProperties) = preSolution
		HideSolutionNode = FALSE
	EndGlobalSection
EndGlobal
